// !$*UTF8*$!
{
	archiveVersion = 1;
	classes = {
	};
	objectVersion = 50;
	objects = {

/* Begin PBXBuildFile section */
		5DACF03A265B686C0011D536 /* AppDelegate.swift in Sources */ = {isa = PBXBuildFile; fileRef = 5DACF039265B686C0011D536 /* AppDelegate.swift */; };
		5DACF03C265B686C0011D536 /* SceneDelegate.swift in Sources */ = {isa = PBXBuildFile; fileRef = 5DACF03B265B686C0011D536 /* SceneDelegate.swift */; };
		5DACF03E265B686C0011D536 /* ViewController.swift in Sources */ = {isa = PBXBuildFile; fileRef = 5DACF03D265B686C0011D536 /* ViewController.swift */; };
		5DACF041265B686C0011D536 /* Main.storyboard in Resources */ = {isa = PBXBuildFile; fileRef = 5DACF03F265B686C0011D536 /* Main.storyboard */; };
		5DACF043265B686E0011D536 /* Assets.xcassets in Resources */ = {isa = PBXBuildFile; fileRef = 5DACF042265B686E0011D536 /* Assets.xcassets */; };
		5DACF046265B686E0011D536 /* LaunchScreen.storyboard in Resources */ = {isa = PBXBuildFile; fileRef = 5DACF044265B686E0011D536 /* LaunchScreen.storyboard */; };
		5DACF051265B686F0011D536 /* NewSampleProjectTests.swift in Sources */ = {isa = PBXBuildFile; fileRef = 5DACF050265B686F0011D536 /* NewSampleProjectTests.swift */; };
		5DACF05C265B686F0011D536 /* NewSampleProjectUITests.swift in Sources */ = {isa = PBXBuildFile; fileRef = 5DACF05B265B686F0011D536 /* NewSampleProjectUITests.swift */; };
/* End PBXBuildFile section */

/* Begin PBXContainerItemProxy section */
		5DACF04D265B686F0011D536 /* PBXContainerItemProxy */ = {
			isa = PBXContainerItemProxy;
			containerPortal = 5DACF02E265B686C0011D536 /* Project object */;
			proxyType = 1;
			remoteGlobalIDString = 5DACF035265B686C0011D536;
			remoteInfo = NewSampleProject;
		};
		5DACF058265B686F0011D536 /* PBXContainerItemProxy */ = {
			isa = PBXContainerItemProxy;
			containerPortal = 5DACF02E265B686C0011D536 /* Project object */;
			proxyType = 1;
			remoteGlobalIDString = 5DACF035265B686C0011D536;
			remoteInfo = NewSampleProject;
		};
/* End PBXContainerItemProxy section */

/* Begin PBXFileReference section */
		5DACF036265B686C0011D536 /* NewSampleProject.app */ = {isa = PBXFileReference; explicitFileType = wrapper.application; includeInIndex = 0; path = NewSampleProject.app; sourceTree = BUILT_PRODUCTS_DIR; };
		5DACF039265B686C0011D536 /* AppDelegate.swift */ = {isa = PBXFileReference; lastKnownFileType = sourcecode.swift; path = AppDelegate.swift; sourceTree = "<group>"; };
		5DACF03B265B686C0011D536 /* SceneDelegate.swift */ = {isa = PBXFileReference; lastKnownFileType = sourcecode.swift; path = SceneDelegate.swift; sourceTree = "<group>"; };
		5DACF03D265B686C0011D536 /* ViewController.swift */ = {isa = PBXFileReference; lastKnownFileType = sourcecode.swift; path = ViewController.swift; sourceTree = "<group>"; };
		5DACF040265B686C0011D536 /* Base */ = {isa = PBXFileReference; lastKnownFileType = file.storyboard; name = Base; path = Base.lproj/Main.storyboard; sourceTree = "<group>"; };
		5DACF042265B686E0011D536 /* Assets.xcassets */ = {isa = PBXFileReference; lastKnownFileType = folder.assetcatalog; path = Assets.xcassets; sourceTree = "<group>"; };
		5DACF045265B686E0011D536 /* Base */ = {isa = PBXFileReference; lastKnownFileType = file.storyboard; name = Base; path = Base.lproj/LaunchScreen.storyboard; sourceTree = "<group>"; };
		5DACF047265B686E0011D536 /* Info.plist */ = {isa = PBXFileReference; lastKnownFileType = text.plist.xml; path = Info.plist; sourceTree = "<group>"; };
		5DACF04C265B686F0011D536 /* NewSampleProjectTests.xctest */ = {isa = PBXFileReference; explicitFileType = wrapper.cfbundle; includeInIndex = 0; path = NewSampleProjectTests.xctest; sourceTree = BUILT_PRODUCTS_DIR; };
		5DACF050265B686F0011D536 /* NewSampleProjectTests.swift */ = {isa = PBXFileReference; lastKnownFileType = sourcecode.swift; path = NewSampleProjectTests.swift; sourceTree = "<group>"; };
		5DACF052265B686F0011D536 /* Info.plist */ = {isa = PBXFileReference; lastKnownFileType = text.plist.xml; path = Info.plist; sourceTree = "<group>"; };
		5DACF057265B686F0011D536 /* NewSampleProjectUITests.xctest */ = {isa = PBXFileReference; explicitFileType = wrapper.cfbundle; includeInIndex = 0; path = NewSampleProjectUITests.xctest; sourceTree = BUILT_PRODUCTS_DIR; };
		5DACF05B265B686F0011D536 /* NewSampleProjectUITests.swift */ = {isa = PBXFileReference; lastKnownFileType = sourcecode.swift; path = NewSampleProjectUITests.swift; sourceTree = "<group>"; };
		5DACF05D265B686F0011D536 /* Info.plist */ = {isa = PBXFileReference; lastKnownFileType = text.plist.xml; path = Info.plist; sourceTree = "<group>"; };
/* End PBXFileReference section */

/* Begin PBXFrameworksBuildPhase section */
		5DACF033265B686C0011D536 /* Frameworks */ = {
			isa = PBXFrameworksBuildPhase;
			buildActionMask = 2147483647;
			files = (
			);
			runOnlyForDeploymentPostprocessing = 0;
		};
		5DACF049265B686F0011D536 /* Frameworks */ = {
			isa = PBXFrameworksBuildPhase;
			buildActionMask = 2147483647;
			files = (
			);
			runOnlyForDeploymentPostprocessing = 0;
		};
		5DACF054265B686F0011D536 /* Frameworks */ = {
			isa = PBXFrameworksBuildPhase;
			buildActionMask = 2147483647;
			files = (
			);
			runOnlyForDeploymentPostprocessing = 0;
		};
/* End PBXFrameworksBuildPhase section */

/* Begin PBXGroup section */
		5DACF02D265B686C0011D536 = {
			isa = PBXGroup;
			children = (
				5DACF038265B686C0011D536 /* NewSampleProject */,
				5DACF04F265B686F0011D536 /* NewSampleProjectTests */,
				5DACF05A265B686F0011D536 /* NewSampleProjectUITests */,
				5DACF037265B686C0011D536 /* Products */,
			);
			sourceTree = "<group>";
		};
		5DACF037265B686C0011D536 /* Products */ = {
			isa = PBXGroup;
			children = (
				5DACF036265B686C0011D536 /* NewSampleProject.app */,
				5DACF04C265B686F0011D536 /* NewSampleProjectTests.xctest */,
				5DACF057265B686F0011D536 /* NewSampleProjectUITests.xctest */,
			);
			name = Products;
			sourceTree = "<group>";
		};
		5DACF038265B686C0011D536 /* NewSampleProject */ = {
			isa = PBXGroup;
			children = (
				5DACF039265B686C0011D536 /* AppDelegate.swift */,
				5DACF03B265B686C0011D536 /* SceneDelegate.swift */,
				5DACF03D265B686C0011D536 /* ViewController.swift */,
				5DACF03F265B686C0011D536 /* Main.storyboard */,
				5DACF042265B686E0011D536 /* Assets.xcassets */,
				5DACF044265B686E0011D536 /* LaunchScreen.storyboard */,
				5DACF047265B686E0011D536 /* Info.plist */,
			);
			path = NewSampleProject;
			sourceTree = "<group>";
		};
		5DACF04F265B686F0011D536 /* NewSampleProjectTests */ = {
			isa = PBXGroup;
			children = (
				5DACF050265B686F0011D536 /* NewSampleProjectTests.swift */,
				5DACF052265B686F0011D536 /* Info.plist */,
			);
			path = NewSampleProjectTests;
			sourceTree = "<group>";
		};
		5DACF05A265B686F0011D536 /* NewSampleProjectUITests */ = {
			isa = PBXGroup;
			children = (
				5DACF05B265B686F0011D536 /* NewSampleProjectUITests.swift */,
				5DACF05D265B686F0011D536 /* Info.plist */,
			);
			path = NewSampleProjectUITests;
			sourceTree = "<group>";
		};
/* End PBXGroup section */

/* Begin PBXNativeTarget section */
		5DACF035265B686C0011D536 /* NewSampleProject */ = {
			isa = PBXNativeTarget;
			buildConfigurationList = 5DACF060265B686F0011D536 /* Build configuration list for PBXNativeTarget "NewSampleProject" */;
			buildPhases = (
				5DACF032265B686C0011D536 /* Sources */,
				5DACF033265B686C0011D536 /* Frameworks */,
				5DACF034265B686C0011D536 /* Resources */,
			);
			buildRules = (
			);
			dependencies = (
			);
			name = NewSampleProject;
			productName = NewSampleProject;
			productReference = 5DACF036265B686C0011D536 /* NewSampleProject.app */;
			productType = "com.apple.product-type.application";
		};
		5DACF04B265B686F0011D536 /* NewSampleProjectTests */ = {
			isa = PBXNativeTarget;
			buildConfigurationList = 5DACF063265B686F0011D536 /* Build configuration list for PBXNativeTarget "NewSampleProjectTests" */;
			buildPhases = (
				5DACF048265B686F0011D536 /* Sources */,
				5DACF049265B686F0011D536 /* Frameworks */,
				5DACF04A265B686F0011D536 /* Resources */,
			);
			buildRules = (
			);
			dependencies = (
				5DACF04E265B686F0011D536 /* PBXTargetDependency */,
			);
			name = NewSampleProjectTests;
			productName = NewSampleProjectTests;
			productReference = 5DACF04C265B686F0011D536 /* NewSampleProjectTests.xctest */;
			productType = "com.apple.product-type.bundle.unit-test";
		};
		5DACF056265B686F0011D536 /* NewSampleProjectUITests */ = {
			isa = PBXNativeTarget;
			buildConfigurationList = 5DACF066265B686F0011D536 /* Build configuration list for PBXNativeTarget "NewSampleProjectUITests" */;
			buildPhases = (
				5DACF053265B686F0011D536 /* Sources */,
				5DACF054265B686F0011D536 /* Frameworks */,
				5DACF055265B686F0011D536 /* Resources */,
			);
			buildRules = (
			);
			dependencies = (
				5DACF059265B686F0011D536 /* PBXTargetDependency */,
			);
			name = NewSampleProjectUITests;
			productName = NewSampleProjectUITests;
			productReference = 5DACF057265B686F0011D536 /* NewSampleProjectUITests.xctest */;
			productType = "com.apple.product-type.bundle.ui-testing";
		};
/* End PBXNativeTarget section */

/* Begin PBXProject section */
		5DACF02E265B686C0011D536 /* Project object */ = {
			isa = PBXProject;
			attributes = {
				LastSwiftUpdateCheck = 1240;
				LastUpgradeCheck = 1240;
				TargetAttributes = {
					5DACF035265B686C0011D536 = {
						CreatedOnToolsVersion = 12.4;
					};
					5DACF04B265B686F0011D536 = {
						CreatedOnToolsVersion = 12.4;
						TestTargetID = 5DACF035265B686C0011D536;
					};
					5DACF056265B686F0011D536 = {
						CreatedOnToolsVersion = 12.4;
						TestTargetID = 5DACF035265B686C0011D536;
					};
				};
			};
			buildConfigurationList = 5DACF031265B686C0011D536 /* Build configuration list for PBXProject "NewSampleProject" */;
			compatibilityVersion = "Xcode 9.3";
			developmentRegion = en;
			hasScannedForEncodings = 0;
			knownRegions = (
				en,
				Base,
			);
			mainGroup = 5DACF02D265B686C0011D536;
			productRefGroup = 5DACF037265B686C0011D536 /* Products */;
			projectDirPath = "";
			projectRoot = "";
			targets = (
				5DACF035265B686C0011D536 /* NewSampleProject */,
				5DACF04B265B686F0011D536 /* NewSampleProjectTests */,
				5DACF056265B686F0011D536 /* NewSampleProjectUITests */,
			);
		};
/* End PBXProject section */

/* Begin PBXResourcesBuildPhase section */
		5DACF034265B686C0011D536 /* Resources */ = {
			isa = PBXResourcesBuildPhase;
			buildActionMask = 2147483647;
			files = (
				5DACF046265B686E0011D536 /* LaunchScreen.storyboard in Resources */,
				5DACF043265B686E0011D536 /* Assets.xcassets in Resources */,
				5DACF041265B686C0011D536 /* Main.storyboard in Resources */,
			);
			runOnlyForDeploymentPostprocessing = 0;
		};
		5DACF04A265B686F0011D536 /* Resources */ = {
			isa = PBXResourcesBuildPhase;
			buildActionMask = 2147483647;
			files = (
			);
			runOnlyForDeploymentPostprocessing = 0;
		};
		5DACF055265B686F0011D536 /* Resources */ = {
			isa = PBXResourcesBuildPhase;
			buildActionMask = 2147483647;
			files = (
			);
			runOnlyForDeploymentPostprocessing = 0;
		};
/* End PBXResourcesBuildPhase section */

/* Begin PBXSourcesBuildPhase section */
		5DACF032265B686C0011D536 /* Sources */ = {
			isa = PBXSourcesBuildPhase;
			buildActionMask = 2147483647;
			files = (
				5DACF03E265B686C0011D536 /* ViewController.swift in Sources */,
				5DACF03A265B686C0011D536 /* AppDelegate.swift in Sources */,
				5DACF03C265B686C0011D536 /* SceneDelegate.swift in Sources */,
			);
			runOnlyForDeploymentPostprocessing = 0;
		};
		5DACF048265B686F0011D536 /* Sources */ = {
			isa = PBXSourcesBuildPhase;
			buildActionMask = 2147483647;
			files = (
				5DACF051265B686F0011D536 /* NewSampleProjectTests.swift in Sources */,
			);
			runOnlyForDeploymentPostprocessing = 0;
		};
		5DACF053265B686F0011D536 /* Sources */ = {
			isa = PBXSourcesBuildPhase;
			buildActionMask = 2147483647;
			files = (
				5DACF05C265B686F0011D536 /* NewSampleProjectUITests.swift in Sources */,
			);
			runOnlyForDeploymentPostprocessing = 0;
		};
/* End PBXSourcesBuildPhase section */

/* Begin PBXTargetDependency section */
		5DACF04E265B686F0011D536 /* PBXTargetDependency */ = {
			isa = PBXTargetDependency;
			target = 5DACF035265B686C0011D536 /* NewSampleProject */;
			targetProxy = 5DACF04D265B686F0011D536 /* PBXContainerItemProxy */;
		};
		5DACF059265B686F0011D536 /* PBXTargetDependency */ = {
			isa = PBXTargetDependency;
			target = 5DACF035265B686C0011D536 /* NewSampleProject */;
			targetProxy = 5DACF058265B686F0011D536 /* PBXContainerItemProxy */;
		};
/* End PBXTargetDependency section */

/* Begin PBXVariantGroup section */
		5DACF03F265B686C0011D536 /* Main.storyboard */ = {
			isa = PBXVariantGroup;
			children = (
				5DACF040265B686C0011D536 /* Base */,
			);
			name = Main.storyboard;
			sourceTree = "<group>";
		};
		5DACF044265B686E0011D536 /* LaunchScreen.storyboard */ = {
			isa = PBXVariantGroup;
			children = (
				5DACF045265B686E0011D536 /* Base */,
			);
			name = LaunchScreen.storyboard;
			sourceTree = "<group>";
		};
/* End PBXVariantGroup section */

/* Begin XCBuildConfiguration section */
		5DACF05E265B686F0011D536 /* Debug */ = {
			isa = XCBuildConfiguration;
			buildSettings = {
				ALWAYS_SEARCH_USER_PATHS = NO;
				CLANG_ANALYZER_NONNULL = YES;
				CLANG_ANALYZER_NUMBER_OBJECT_CONVERSION = YES_AGGRESSIVE;
				CLANG_CXX_LANGUAGE_STANDARD = "gnu++14";
				CLANG_CXX_LIBRARY = "libc++";
				CLANG_ENABLE_MODULES = YES;
				CLANG_ENABLE_OBJC_ARC = YES;
				CLANG_ENABLE_OBJC_WEAK = YES;
				CLANG_WARN_BLOCK_CAPTURE_AUTORELEASING = YES;
				CLANG_WARN_BOOL_CONVERSION = YES;
				CLANG_WARN_COMMA = YES;
				CLANG_WARN_CONSTANT_CONVERSION = YES;
				CLANG_WARN_DEPRECATED_OBJC_IMPLEMENTATIONS = YES;
				CLANG_WARN_DIRECT_OBJC_ISA_USAGE = YES_ERROR;
				CLANG_WARN_DOCUMENTATION_COMMENTS = YES;
				CLANG_WARN_EMPTY_BODY = YES;
				CLANG_WARN_ENUM_CONVERSION = YES;
				CLANG_WARN_INFINITE_RECURSION = YES;
				CLANG_WARN_INT_CONVERSION = YES;
				CLANG_WARN_NON_LITERAL_NULL_CONVERSION = YES;
				CLANG_WARN_OBJC_IMPLICIT_RETAIN_SELF = YES;
				CLANG_WARN_OBJC_LITERAL_CONVERSION = YES;
				CLANG_WARN_OBJC_ROOT_CLASS = YES_ERROR;
				CLANG_WARN_QUOTED_INCLUDE_IN_FRAMEWORK_HEADER = YES;
				CLANG_WARN_RANGE_LOOP_ANALYSIS = YES;
				CLANG_WARN_STRICT_PROTOTYPES = YES;
				CLANG_WARN_SUSPICIOUS_MOVE = YES;
				CLANG_WARN_UNGUARDED_AVAILABILITY = YES_AGGRESSIVE;
				CLANG_WARN_UNREACHABLE_CODE = YES;
				CLANG_WARN__DUPLICATE_METHOD_MATCH = YES;
				COPY_PHASE_STRIP = NO;
				DEBUG_INFORMATION_FORMAT = dwarf;
				ENABLE_STRICT_OBJC_MSGSEND = YES;
				ENABLE_TESTABILITY = YES;
				GCC_C_LANGUAGE_STANDARD = gnu11;
				GCC_DYNAMIC_NO_PIC = NO;
				GCC_NO_COMMON_BLOCKS = YES;
				GCC_OPTIMIZATION_LEVEL = 0;
				GCC_PREPROCESSOR_DEFINITIONS = (
					"DEBUG=1",
					"$(inherited)",
				);
				GCC_WARN_64_TO_32_BIT_CONVERSION = YES;
				GCC_WARN_ABOUT_RETURN_TYPE = YES_ERROR;
				GCC_WARN_UNDECLARED_SELECTOR = YES;
				GCC_WARN_UNINITIALIZED_AUTOS = YES_AGGRESSIVE;
				GCC_WARN_UNUSED_FUNCTION = YES;
				GCC_WARN_UNUSED_VARIABLE = YES;
				IPHONEOS_DEPLOYMENT_TARGET = 14.4;
				MTL_ENABLE_DEBUG_INFO = INCLUDE_SOURCE;
				MTL_FAST_MATH = YES;
				ONLY_ACTIVE_ARCH = YES;
				SDKROOT = iphoneos;
				SWIFT_ACTIVE_COMPILATION_CONDITIONS = DEBUG;
				SWIFT_OPTIMIZATION_LEVEL = "-Onone";
			};
			name = Debug;
		};
		5DACF05F265B686F0011D536 /* Release */ = {
			isa = XCBuildConfiguration;
			buildSettings = {
				ALWAYS_SEARCH_USER_PATHS = NO;
				CLANG_ANALYZER_NONNULL = YES;
				CLANG_ANALYZER_NUMBER_OBJECT_CONVERSION = YES_AGGRESSIVE;
				CLANG_CXX_LANGUAGE_STANDARD = "gnu++14";
				CLANG_CXX_LIBRARY = "libc++";
				CLANG_ENABLE_MODULES = YES;
				CLANG_ENABLE_OBJC_ARC = YES;
				CLANG_ENABLE_OBJC_WEAK = YES;
				CLANG_WARN_BLOCK_CAPTURE_AUTORELEASING = YES;
				CLANG_WARN_BOOL_CONVERSION = YES;
				CLANG_WARN_COMMA = YES;
				CLANG_WARN_CONSTANT_CONVERSION = YES;
				CLANG_WARN_DEPRECATED_OBJC_IMPLEMENTATIONS = YES;
				CLANG_WARN_DIRECT_OBJC_ISA_USAGE = YES_ERROR;
				CLANG_WARN_DOCUMENTATION_COMMENTS = YES;
				CLANG_WARN_EMPTY_BODY = YES;
				CLANG_WARN_ENUM_CONVERSION = YES;
				CLANG_WARN_INFINITE_RECURSION = YES;
				CLANG_WARN_INT_CONVERSION = YES;
				CLANG_WARN_NON_LITERAL_NULL_CONVERSION = YES;
				CLANG_WARN_OBJC_IMPLICIT_RETAIN_SELF = YES;
				CLANG_WARN_OBJC_LITERAL_CONVERSION = YES;
				CLANG_WARN_OBJC_ROOT_CLASS = YES_ERROR;
				CLANG_WARN_QUOTED_INCLUDE_IN_FRAMEWORK_HEADER = YES;
				CLANG_WARN_RANGE_LOOP_ANALYSIS = YES;
				CLANG_WARN_STRICT_PROTOTYPES = YES;
				CLANG_WARN_SUSPICIOUS_MOVE = YES;
				CLANG_WARN_UNGUARDED_AVAILABILITY = YES_AGGRESSIVE;
				CLANG_WARN_UNREACHABLE_CODE = YES;
				CLANG_WARN__DUPLICATE_METHOD_MATCH = YES;
				COPY_PHASE_STRIP = NO;
				DEBUG_INFORMATION_FORMAT = "dwarf-with-dsym";
				ENABLE_NS_ASSERTIONS = NO;
				ENABLE_STRICT_OBJC_MSGSEND = YES;
				GCC_C_LANGUAGE_STANDARD = gnu11;
				GCC_NO_COMMON_BLOCKS = YES;
				GCC_WARN_64_TO_32_BIT_CONVERSION = YES;
				GCC_WARN_ABOUT_RETURN_TYPE = YES_ERROR;
				GCC_WARN_UNDECLARED_SELECTOR = YES;
				GCC_WARN_UNINITIALIZED_AUTOS = YES_AGGRESSIVE;
				GCC_WARN_UNUSED_FUNCTION = YES;
				GCC_WARN_UNUSED_VARIABLE = YES;
				IPHONEOS_DEPLOYMENT_TARGET = 14.4;
				MTL_ENABLE_DEBUG_INFO = NO;
				MTL_FAST_MATH = YES;
				SDKROOT = iphoneos;
				SWIFT_COMPILATION_MODE = wholemodule;
				SWIFT_OPTIMIZATION_LEVEL = "-O";
				VALIDATE_PRODUCT = YES;
			};
			name = Release;
		};
		5DACF061265B686F0011D536 /* Debug */ = {
			isa = XCBuildConfiguration;
			buildSettings = {
				ASSETCATALOG_COMPILER_APPICON_NAME = AppIcon;
				ASSETCATALOG_COMPILER_GLOBAL_ACCENT_COLOR_NAME = AccentColor;
				CODE_SIGN_STYLE = Automatic;
				DEVELOPMENT_TEAM = 9B7LPT6Z23;
				INFOPLIST_FILE = NewSampleProject/Info.plist;
				LD_RUNPATH_SEARCH_PATHS = (
					"$(inherited)",
					"@executable_path/Frameworks",
				);
				PRODUCT_BUNDLE_IDENTIFIER = com.harman.friebasetester.NewSampleProject;
				PRODUCT_NAME = "$(TARGET_NAME)";
				SWIFT_VERSION = 5.0;
				TARGETED_DEVICE_FAMILY = "1,2";
			};
			name = Debug;
		};
		5DACF062265B686F0011D536 /* Release */ = {
			isa = XCBuildConfiguration;
			buildSettings = {
				ASSETCATALOG_COMPILER_APPICON_NAME = AppIcon;
				ASSETCATALOG_COMPILER_GLOBAL_ACCENT_COLOR_NAME = AccentColor;
				CODE_SIGN_STYLE = Automatic;
				DEVELOPMENT_TEAM = 9B7LPT6Z23;
				INFOPLIST_FILE = NewSampleProject/Info.plist;
				LD_RUNPATH_SEARCH_PATHS = (
					"$(inherited)",
					"@executable_path/Frameworks",
				);
				PRODUCT_BUNDLE_IDENTIFIER = com.harman.friebasetester.NewSampleProject;
				PRODUCT_NAME = "$(TARGET_NAME)";
				SWIFT_VERSION = 5.0;
				TARGETED_DEVICE_FAMILY = "1,2";
			};
			name = Release;
		};
		5DACF064265B686F0011D536 /* Debug */ = {
			isa = XCBuildConfiguration;
			buildSettings = {
				ALWAYS_EMBED_SWIFT_STANDARD_LIBRARIES = YES;
				BUNDLE_LOADER = "$(TEST_HOST)";
				CODE_SIGN_STYLE = Automatic;
				DEVELOPMENT_TEAM = 9B7LPT6Z23;
				INFOPLIST_FILE = NewSampleProjectTests/Info.plist;
				IPHONEOS_DEPLOYMENT_TARGET = 14.4;
				LD_RUNPATH_SEARCH_PATHS = (
					"$(inherited)",
					"@executable_path/Frameworks",
					"@loader_path/Frameworks",
				);
				PRODUCT_BUNDLE_IDENTIFIER = com.harman.friebasetester.NewSampleProjectTests;
				PRODUCT_NAME = "$(TARGET_NAME)";
				SWIFT_VERSION = 5.0;
				TARGETED_DEVICE_FAMILY = "1,2";
				TEST_HOST = "$(BUILT_PRODUCTS_DIR)/NewSampleProject.app/NewSampleProject";
			};
			name = Debug;
		};
		5DACF065265B686F0011D536 /* Release */ = {
			isa = XCBuildConfiguration;
			buildSettings = {
				ALWAYS_EMBED_SWIFT_STANDARD_LIBRARIES = YES;
				BUNDLE_LOADER = "$(TEST_HOST)";
				CODE_SIGN_STYLE = Automatic;
				DEVELOPMENT_TEAM = 9B7LPT6Z23;
				INFOPLIST_FILE = NewSampleProjectTests/Info.plist;
				IPHONEOS_DEPLOYMENT_TARGET = 14.4;
				LD_RUNPATH_SEARCH_PATHS = (
					"$(inherited)",
					"@executable_path/Frameworks",
					"@loader_path/Frameworks",
				);
				PRODUCT_BUNDLE_IDENTIFIER = com.harman.friebasetester.NewSampleProjectTests;
				PRODUCT_NAME = "$(TARGET_NAME)";
				SWIFT_VERSION = 5.0;
				TARGETED_DEVICE_FAMILY = "1,2";
				TEST_HOST = "$(BUILT_PRODUCTS_DIR)/NewSampleProject.app/NewSampleProject";
			};
			name = Release;
		};
		5DACF067265B686F0011D536 /* Debug */ = {
			isa = XCBuildConfiguration;
			buildSettings = {
				ALWAYS_EMBED_SWIFT_STANDARD_LIBRARIES = YES;
				CODE_SIGN_STYLE = Automatic;
				DEVELOPMENT_TEAM = 9B7LPT6Z23;
				INFOPLIST_FILE = NewSampleProjectUITests/Info.plist;
				LD_RUNPATH_SEARCH_PATHS = (
					"$(inherited)",
					"@executable_path/Frameworks",
					"@loader_path/Frameworks",
				);
				PRODUCT_BUNDLE_IDENTIFIER = com.harman.friebasetester.NewSampleProjectUITests;
				PRODUCT_NAME = "$(TARGET_NAME)";
				SWIFT_VERSION = 5.0;
				TARGETED_DEVICE_FAMILY = "1,2";
				TEST_TARGET_NAME = NewSampleProject;
			};
			name = Debug;
		};
		5DACF068265B686F0011D536 /* Release */ = {
			isa = XCBuildConfiguration;
			buildSettings = {
				ALWAYS_EMBED_SWIFT_STANDARD_LIBRARIES = YES;
				CODE_SIGN_STYLE = Automatic;
				DEVELOPMENT_TEAM = 9B7LPT6Z23;
				INFOPLIST_FILE = NewSampleProjectUITests/Info.plist;
				LD_RUNPATH_SEARCH_PATHS = (
					"$(inherited)",
					"@executable_path/Frameworks",
					"@loader_path/Frameworks",
				);
				PRODUCT_BUNDLE_IDENTIFIER = com.harman.friebasetester.NewSampleProjectUITests;
				PRODUCT_NAME = "$(TARGET_NAME)";
				SWIFT_VERSION = 5.0;
				TARGETED_DEVICE_FAMILY = "1,2";
				TEST_TARGET_NAME = NewSampleProject;
			};
			name = Release;
		};
/* End XCBuildConfiguration section */

/* Begin XCConfigurationList section */
		5DACF031265B686C0011D536 /* Build configuration list for PBXProject "NewSampleProject" */ = {
			isa = XCConfigurationList;
			buildConfigurations = (
				5DACF05E265B686F0011D536 /* Debug */,
				5DACF05F265B686F0011D536 /* Release */,
			);
			defaultConfigurationIsVisible = 0;
			defaultConfigurationName = Release;
		};
		5DACF060265B686F0011D536 /* Build configuration list for PBXNativeTarget "NewSampleProject" */ = {
			isa = XCConfigurationList;
			buildConfigurations = (
				5DACF061265B686F0011D536 /* Debug */,
				5DACF062265B686F0011D536 /* Release */,
			);
			defaultConfigurationIsVisible = 0;
			defaultConfigurationName = Release;
		};
		5DACF063265B686F0011D536 /* Build configuration list for PBXNativeTarget "NewSampleProjectTests" */ = {
			isa = XCConfigurationList;
			buildConfigurations = (
				5DACF064265B686F0011D536 /* Debug */,
				5DACF065265B686F0011D536 /* Release */,
			);
			defaultConfigurationIsVisible = 0;
			defaultConfigurationName = Release;
		};
		5DACF066265B686F0011D536 /* Build configuration list for PBXNativeTarget "NewSampleProjectUITests" */ = {
			isa = XCConfigurationList;
			buildConfigurations = (
				5DACF067265B686F0011D536 /* Debug */,
				5DACF068265B686F0011D536 /* Release */,
			);
			defaultConfigurationIsVisible = 0;
			defaultConfigurationName = Release;
		};
/* End XCConfigurationList section */
	};
	rootObject = 5DACF02E265B686C0011D536 /* Project object */;
}
